
Microsoft Visual Studio Solution File, Format Version 12.00
# Visual Studio Version 17
VisualStudioVersion = 17.9.34728.123
MinimumVisualStudioVersion = 10.0.40219.1
Project("{FAE04EC0-301F-11D3-BF4B-00C04F79EFBC}") = "ProjectAvatars", "ProjectAvatars\ProjectAvatars.csproj", "{F515431F-D812-4E9E-BB0D-86AA13BA21F8}"
EndProject
Global
	GlobalSection(SolutionConfigurationPlatforms) = preSolution
		Debug|Any CPU = Debug|Any CPU
		Release|Any CPU = Release|Any CPU
	EndGlobalSection
	GlobalSection(ProjectConfigurationPlatforms) = postSolution
		{F515431F-D812-4E9E-BB0D-86AA13BA21F8}.Debug|Any CPU.ActiveCfg = Debug|Any CPU
		{F515431F-D812-4E9E-BB0D-86AA13BA21F8}.Debug|Any CPU.Build.0 = Debug|Any CPU
		{F515431F-D812-4E9E-BB0D-86AA13BA21F8}.Release|Any CPU.ActiveCfg = Release|Any CPU
		{F515431F-D812-4E9E-BB0D-86AA13BA21F8}.Release|Any CPU.Build.0 = Release|Any CPU
	EndGlobalSection
	GlobalSection(SolutionProperties) = preSolution
		HideSolutionNode = FALSE
	EndGlobalSection
	GlobalSection(ExtensibilityGlobals) = postSolution
		SolutionGuid = {34326B62-EB33-4CCF-8A12-50B3E76B8D38}
	EndGlobalSection
EndGlobal
