
Microsoft Visual Studio Solution File, Format Version 12.00
# Visual Studio Version 17
VisualStudioVersion = 17.9.34728.123
MinimumVisualStudioVersion = 10.0.40219.1
Project("{FAE04EC0-301F-11D3-BF4B-00C04F79EFBC}") = "ProductsOrders", "ProductsOrders\ProductsOrders.csproj", "{8E1122D8-0418-4AA8-A538-421B6664E8C0}"
EndProject
Global
	GlobalSection(SolutionConfigurationPlatforms) = preSolution
		Debug|Any CPU = Debug|Any CPU
		Release|Any CPU = Release|Any CPU
	EndGlobalSection
	GlobalSection(ProjectConfigurationPlatforms) = postSolution
		{8E1122D8-0418-4AA8-A538-421B6664E8C0}.Debug|Any CPU.ActiveCfg = Debug|Any CPU
		{8E1122D8-0418-4AA8-A538-421B6664E8C0}.Debug|Any CPU.Build.0 = Debug|Any CPU
		{8E1122D8-0418-4AA8-A538-421B6664E8C0}.Release|Any CPU.ActiveCfg = Release|Any CPU
		{8E1122D8-0418-4AA8-A538-421B6664E8C0}.Release|Any CPU.Build.0 = Release|Any CPU
	EndGlobalSection
	GlobalSection(SolutionProperties) = preSolution
		HideSolutionNode = FALSE
	EndGlobalSection
	GlobalSection(ExtensibilityGlobals) = postSolution
		SolutionGuid = {87F58090-36F1-4748-894B-BDB5C504E073}
	EndGlobalSection
EndGlobal
